
Microsoft Visual Studio Solution File, Format Version 12.00
# Visual Studio 15
VisualStudioVersion = 15.0.27428.2037
MinimumVisualStudioVersion = 10.0.40219.1
Project("{8BC9CEB8-8B4A-11D0-8D11-00A0C91BC942}") = "LIEF", "LIEF.vcxproj", "{12327AA2-C828-40A7-AC9C-E000D909608D}"
EndProject
Global
	GlobalSection(SolutionConfigurationPlatforms) = preSolution
		Debug|ARM = Debug|ARM
		Debug|ARM64 = Debug|ARM64
		Debug|x64 = Debug|x64
		Debug|x86 = Debug|x86
		Release|ARM = Release|ARM
		Release|ARM64 = Release|ARM64
		Release|x64 = Release|x64
		Release|x86 = Release|x86
	EndGlobalSection
	GlobalSection(ProjectConfigurationPlatforms) = postSolution
		{12327AA2-C828-40A7-AC9C-E000D909608D}.Debug|ARM.ActiveCfg = Debug|ARM
		{12327AA2-C828-40A7-AC9C-E000D909608D}.Debug|ARM.Build.0 = Debug|ARM
		{12327AA2-C828-40A7-AC9C-E000D909608D}.Debug|ARM64.ActiveCfg = Debug|ARM64
		{12327AA2-C828-40A7-AC9C-E000D909608D}.Debug|ARM64.Build.0 = Debug|ARM64
		{12327AA2-C828-40A7-AC9C-E000D909608D}.Debug|x64.ActiveCfg = Debug|x64
		{12327AA2-C828-40A7-AC9C-E000D909608D}.Debug|x64.Build.0 = Debug|x64
		{12327AA2-C828-40A7-AC9C-E000D909608D}.Debug|x86.ActiveCfg = Debug|x86
		{12327AA2-C828-40A7-AC9C-E000D909608D}.Debug|x86.Build.0 = Debug|x86
		{12327AA2-C828-40A7-AC9C-E000D909608D}.Release|ARM.ActiveCfg = Release|ARM
		{12327AA2-C828-40A7-AC9C-E000D909608D}.Release|ARM.Build.0 = Release|ARM
		{12327AA2-C828-40A7-AC9C-E000D909608D}.Release|ARM64.ActiveCfg = Release|ARM64
		{12327AA2-C828-40A7-AC9C-E000D909608D}.Release|ARM64.Build.0 = Release|ARM64
		{12327AA2-C828-40A7-AC9C-E000D909608D}.Release|x64.ActiveCfg = Release|x64
		{12327AA2-C828-40A7-AC9C-E000D909608D}.Release|x64.Build.0 = Release|x64
		{12327AA2-C828-40A7-AC9C-E000D909608D}.Release|x86.ActiveCfg = Release|x86
		{12327AA2-C828-40A7-AC9C-E000D909608D}.Release|x86.Build.0 = Release|x86
	EndGlobalSection
	GlobalSection(SolutionProperties) = preSolution
		HideSolutionNode = FALSE
	EndGlobalSection
	GlobalSection(ExtensibilityGlobals) = postSolution
		SolutionGuid = {98129320-9C00-4860-A7BC-83666C666C8C}
	EndGlobalSection
EndGlobal
